Microsoft Visual Studio Solution File, Format Version 11.00
# Visual Studio 2010
Project("{8BC9CEB8-8B4A-11D0-8D11-00A0C91BC942}") = "gainLoss", "gainLoss.vcxproj", "{6D0F7BDF-4CCD-4F13-90A2-0A8D9C8C287C}"
	ProjectSection(ProjectDependencies) = postProject
		{BA8A8E1A-7D21-4070-B4B7-FFD6FFF651EE} = {BA8A8E1A-7D21-4070-B4B7-FFD6FFF651EE}
	EndProjectSection
EndProject
Project("{8BC9CEB8-8B4A-11D0-8D11-00A0C91BC942}") = "phylogenyLib", "..\..\libs\phylogeny\phylogeny.vcxproj", "{BEB52DB0-2B2A-41F0-BB49-9EC9817ACBEE}"
EndProject
Project("{8BC9CEB8-8B4A-11D0-8D11-00A0C91BC942}") = "alglib", "..\..\libs\alglib-3.4.0\alglib\alglib.vcxproj", "{BA8A8E1A-7D21-4070-B4B7-FFD6FFF651EE}"
EndProject
Global
	GlobalSection(SolutionConfigurationPlatforms) = preSolution
		Debug|Win32 = Debug|Win32
		Release|Win32 = Release|Win32
	EndGlobalSection
	GlobalSection(ProjectConfigurationPlatforms) = postSolution
		{6D0F7BDF-4CCD-4F13-90A2-0A8D9C8C287C}.Debug|Win32.ActiveCfg = Debug|Win32
		{6D0F7BDF-4CCD-4F13-90A2-0A8D9C8C287C}.Debug|Win32.Build.0 = Debug|Win32
		{6D0F7BDF-4CCD-4F13-90A2-0A8D9C8C287C}.Release|Win32.ActiveCfg = Release|Win32
		{6D0F7BDF-4CCD-4F13-90A2-0A8D9C8C287C}.Release|Win32.Build.0 = Release|Win32
		{BEB52DB0-2B2A-41F0-BB49-9EC9817ACBEE}.Debug|Win32.ActiveCfg = Debug|Win32
		{BEB52DB0-2B2A-41F0-BB49-9EC9817ACBEE}.Debug|Win32.Build.0 = Debug|Win32
		{BEB52DB0-2B2A-41F0-BB49-9EC9817ACBEE}.Release|Win32.ActiveCfg = Release|Win32
		{BEB52DB0-2B2A-41F0-BB49-9EC9817ACBEE}.Release|Win32.Build.0 = Release|Win32
		{BA8A8E1A-7D21-4070-B4B7-FFD6FFF651EE}.Debug|Win32.ActiveCfg = Debug|Win32
		{BA8A8E1A-7D21-4070-B4B7-FFD6FFF651EE}.Debug|Win32.Build.0 = Debug|Win32
		{BA8A8E1A-7D21-4070-B4B7-FFD6FFF651EE}.Release|Win32.ActiveCfg = Release|Win32
		{BA8A8E1A-7D21-4070-B4B7-FFD6FFF651EE}.Release|Win32.Build.0 = Release|Win32
	EndGlobalSection
	GlobalSection(SolutionProperties) = preSolution
		HideSolutionNode = FALSE
	EndGlobalSection
EndGlobal
